
Microsoft Visual Studio Solution File, Format Version 12.00
# Visual Studio Version 16
VisualStudioVersion = 16.0.31613.86
MinimumVisualStudioVersion = 10.0.40219.1
Project("{FAE04EC0-301F-11D3-BF4B-00C04F79EFBC}") = "subnetcalculator", "subnetcalculator.csproj", "{28C394E9-5547-4924-A828-9D68F624E33F}"
EndProject
Global
	GlobalSection(SolutionConfigurationPlatforms) = preSolution
		Debug|Any CPU = Debug|Any CPU
		Release|Any CPU = Release|Any CPU
	EndGlobalSection
	GlobalSection(ProjectConfigurationPlatforms) = postSolution
		{28C394E9-5547-4924-A828-9D68F624E33F}.Debug|Any CPU.ActiveCfg = Debug|Any CPU
		{28C394E9-5547-4924-A828-9D68F624E33F}.Debug|Any CPU.Build.0 = Debug|Any CPU
		{28C394E9-5547-4924-A828-9D68F624E33F}.Release|Any CPU.ActiveCfg = Release|Any CPU
		{28C394E9-5547-4924-A828-9D68F624E33F}.Release|Any CPU.Build.0 = Release|Any CPU
	EndGlobalSection
	GlobalSection(SolutionProperties) = preSolution
		HideSolutionNode = FALSE
	EndGlobalSection
	GlobalSection(ExtensibilityGlobals) = postSolution
		SolutionGuid = {14313EB5-F3DC-4429-8883-8D7AF33BA239}
	EndGlobalSection
EndGlobal
